version = 1
revision = 3
requires-python = ">=3.10"

[[package]]
name = "dnspython"
version = "2.8.0"
source = { registry = "https://pypi.org/simple" }
sdist = { url = "https://files.pythonhosted.org/packages/8c/8b/57666417c0f90f08bcafa776861060426765fdb422eb10212086fb811d26/dnspython-2.8.0.tar.gz", hash = "sha256:181d3c6996452cb1189c4046c61599b84a5a86e099562ffde77d26984ff26d0f", size = 368251, upload-time = "2025-09-07T18:58:00.022Z" }
wheels = [
    { url = "https://files.pythonhosted.org/packages/ba/5a/18ad964b0086c6e62e2e7500f7edc89e3faa45033c71c1893d34eed2b2de/dnspython-2.8.0-py3-none-any.whl", hash = "sha256:01d9bbc4a2d76bf0db7c1f729812ded6d912bd318d3b1cf81d30c0f845dbf3af", size = 331094, upload-time = "2025-09-07T18:57:58.071Z" },
]

[[package]]
name = "email-validator"
version = "2.3.0"
source = { registry = "https://pypi.org/simple" }
dependencies = [
    { name = "dnspython" },
    { name = "idna" },
]
sdist = { url = "https://files.pythonhosted.org/packages/f5/22/900cb125c76b7aaa450ce02fd727f452243f2e91a61af068b40adba60ea9/email_validator-2.3.0.tar.gz", hash = "sha256:9fc05c37f2f6cf439ff414f8fc46d917929974a82244c20eb10231ba60c54426", size = 51238, upload-time = "2025-08-26T13:09:06.831Z" }
wheels = [
    { url = "https://files.pythonhosted.org/packages/de/15/545e2b6cf2e3be84bc1ed85613edd75b8aea69807a71c26f4ca6a9258e82/email_validator-2.3.0-py3-none-any.whl", hash = "sha256:80f13f623413e6b197ae73bb10bf4eb0908faf509ad8362c5edeb0be7fd450b4", size = 35604, upload-time = "2025-08-26T13:09:05.858Z" },
]

[[package]]
name = "faker"
version = "40.4.0"
source = { registry = "https://pypi.org/simple" }
dependencies = [
    { name = "tzdata", marker = "sys_platform == 'win32'" },
]
sdist = { url = "https://files.pythonhosted.org/packages/fc/7e/dccb7013c9f3d66f2e379383600629fec75e4da2698548bdbf2041ea4b51/faker-40.4.0.tar.gz", hash = "sha256:76f8e74a3df28c3e2ec2caafa956e19e37a132fdc7ea067bc41783affcfee364", size = 1952221, upload-time = "2026-02-06T23:30:15.515Z" }
wheels = [
    { url = "https://files.pythonhosted.org/packages/ac/63/58efa67c10fb27810d34351b7a10f85f109a7f7e2a07dc3773952459c47b/faker-40.4.0-py3-none-any.whl", hash = "sha256:486d43c67ebbb136bc932406418744f9a0bdf2c07f77703ea78b58b77e9aa443", size = 1987060, upload-time = "2026-02-06T23:30:13.44Z" },
]

[[package]]
name = "flashtext"
version = "2.7"
source = { registry = "https://pypi.org/simple" }
sdist = { url = "https://files.pythonhosted.org/packages/81/d8/2cd0656eae456d615c2f1efbcae8dfca2cb871a31f34ba8925aba47d5e09/flashtext-2.7.tar.gz", hash = "sha256:a1be2b93e09d4f0deee4aad72b91a7127b61fb8b8034ca9a9c78ea745d8b05cf", size = 14536, upload-time = "2018-02-16T05:24:17.232Z" }

[[package]]
name = "formulite"
version = "0.0.5"
source = { registry = "https://pypi.org/simple" }
sdist = { url = "https://files.pythonhosted.org/packages/96/0f/b7211063961358fa32cd436e3ec9a8791fd7832d0a0305b7bbdceff926c8/formulite-0.0.5.tar.gz", hash = "sha256:f27bfc8f7103e2f1adefba93ec96ce90d1c4349eb8e2981014df49fd2d8358c1", size = 309773, upload-time = "2024-08-29T02:24:24.86Z" }
wheels = [
    { url = "https://files.pythonhosted.org/packages/67/f2/817421996092f6016f3fb97b2d07d5f5def984a8e86b8f7e232aa4570326/formulite-0.0.5-py3-none-any.whl", hash = "sha256:16c739da3d2af0411b1559719c48757375af51e9a6a5da78fd3ef2e893035bc2", size = 7236, upload-time = "2024-08-29T02:24:22.12Z" },
]

[[package]]
name = "idna"
version = "3.11"
source = { registry = "https://pypi.org/simple" }
sdist = { url = "https://files.pythonhosted.org/packages/6f/6d/0703ccc57f3a7233505399edb88de3cbd678da106337b9fcde432b65ed60/idna-3.11.tar.gz", hash = "sha256:795dafcc9c04ed0c1fb032c2aa73654d8e8c5023a7df64a53f39190ada629902", size = 194582, upload-time = "2025-10-12T14:55:20.501Z" }
wheels = [
    { url = "https://files.pythonhosted.org/packages/0e/61/66938bbb5fc52dbdf84594873d5b51fb1f7c7794e9c0f5bd885f30bc507b/idna-3.11-py3-none-any.whl", hash = "sha256:771a87f49d9defaf64091e6e6fe9c18d4833f140bd19464795bc32d966ca37ea", size = 71008, upload-time = "2025-10-12T14:55:18.883Z" },
]

[[package]]
name = "shadetriptxt"
version = "0.0.1"
source = { editable = "." }
dependencies = [
    { name = "email-validator" },
    { name = "faker" },
    { name = "flashtext" },
]

[package.optional-dependencies]
full = [
    { name = "formulite" },
]

[package.metadata]
requires-dist = [
    { name = "email-validator", specifier = ">=2.0.0" },
    { name = "faker", specifier = ">=20.0.0" },
    { name = "flashtext", specifier = ">=2.7" },
    { name = "formulite", marker = "extra == 'full'" },
]
provides-extras = ["full"]

[[package]]
name = "tzdata"
version = "2025.3"
source = { registry = "https://pypi.org/simple" }
sdist = { url = "https://files.pythonhosted.org/packages/5e/a7/c202b344c5ca7daf398f3b8a477eeb205cf3b6f32e7ec3a6bac0629ca975/tzdata-2025.3.tar.gz", hash = "sha256:de39c2ca5dc7b0344f2eba86f49d614019d29f060fc4ebc8a417896a620b56a7", size = 196772, upload-time = "2025-12-13T17:45:35.667Z" }
wheels = [
    { url = "https://files.pythonhosted.org/packages/c7/b0/003792df09decd6849a5e39c28b513c06e84436a54440380862b5aeff25d/tzdata-2025.3-py2.py3-none-any.whl", hash = "sha256:06a47e5700f3081aab02b2e513160914ff0694bce9947d6b76ebd6bf57cfc5d1", size = 348521, upload-time = "2025-12-13T17:45:33.889Z" },
]
